
Microsoft Visual Studio Solution File, Format Version 11.00
# Visual Studio 2010
Project("{FAE04EC0-301F-11D3-BF4B-00C04F79EFBC}") = "SymbolRW", "SymbolRW.csproj", "{2BC469D1-46DA-4FBF-A431-6B1344BBCD23}"
EndProject
Global
	GlobalSection(SolutionConfigurationPlatforms) = preSolution
		Debug|Any CPU = Debug|Any CPU
		Release|Any CPU = Release|Any CPU
	EndGlobalSection
	GlobalSection(ProjectConfigurationPlatforms) = postSolution
		{2BC469D1-46DA-4FBF-A431-6B1344BBCD23}.Debug|Any CPU.ActiveCfg = Debug|Any CPU
		{2BC469D1-46DA-4FBF-A431-6B1344BBCD23}.Debug|Any CPU.Build.0 = Debug|Any CPU
		{2BC469D1-46DA-4FBF-A431-6B1344BBCD23}.Release|Any CPU.ActiveCfg = Release|Any CPU
		{2BC469D1-46DA-4FBF-A431-6B1344BBCD23}.Release|Any CPU.Build.0 = Release|Any CPU
	EndGlobalSection
	GlobalSection(SolutionProperties) = preSolution
		HideSolutionNode = FALSE
	EndGlobalSection
EndGlobal
